
Microsoft Visual Studio Solution File, Format Version 12.00
# Visual Studio Version 17
VisualStudioVersion = 17.11.35222.181
MinimumVisualStudioVersion = 10.0.40219.1
Project("{FAE04EC0-301F-11D3-BF4B-00C04F79EFBC}") = "meet_21.03", "meet_21.03.csproj", "{C03FE0D5-CB6F-4B65-A822-4AACDB809DC8}"
EndProject
Global
	GlobalSection(SolutionConfigurationPlatforms) = preSolution
		Debug|Any CPU = Debug|Any CPU
		Release|Any CPU = Release|Any CPU
	EndGlobalSection
	GlobalSection(ProjectConfigurationPlatforms) = postSolution
		{C03FE0D5-CB6F-4B65-A822-4AACDB809DC8}.Debug|Any CPU.ActiveCfg = Debug|Any CPU
		{C03FE0D5-CB6F-4B65-A822-4AACDB809DC8}.Debug|Any CPU.Build.0 = Debug|Any CPU
		{C03FE0D5-CB6F-4B65-A822-4AACDB809DC8}.Release|Any CPU.ActiveCfg = Release|Any CPU
		{C03FE0D5-CB6F-4B65-A822-4AACDB809DC8}.Release|Any CPU.Build.0 = Release|Any CPU
	EndGlobalSection
	GlobalSection(SolutionProperties) = preSolution
		HideSolutionNode = FALSE
	EndGlobalSection
	GlobalSection(ExtensibilityGlobals) = postSolution
		SolutionGuid = {E8580F9B-6AEF-4430-9BDA-AD395878E1D9}
	EndGlobalSection
EndGlobal
